# This file is generated by running "yarn install" inside your project.
# Manual changes might be lost - proceed with caution!

__metadata:
  version: 8
  cacheKey: 10c0

"ansi-styles@npm:^6.1.0":
  version: 6.2.1
  resolution: "ansi-styles@npm:6.2.1"
  checksum: 10c0/5d1ec38c123984bcedd996eac680d548f31828bd679a66db2bdf11844634dde55fec3efa9c6bb1d89056a5e79c1ac540c4c784d592ea1d25028a92227d2f2d5c
  languageName: node
  linkType: hard

"chalk@https://github.com/wapj/chalk":
  version: 5.0.0
  resolution: "chalk@https://github.com/wapj/chalk.git#commit=1eae5be2b9a0db207301bbba3591bd810755f15d"
  dependencies:
    ansi-styles: "npm:^6.1.0"
    supports-color: "npm:^9.2.1"
  checksum: 10c0/9e7c3e9eae193fbab8805e67755656f178d67905335704c97511e654b6bf4ced61dc91a012e951f5eba3ad1031618fd00b78ad1b02416886c1b1946c924364fe
  languageName: node
  linkType: hard

"supports-color@npm:^9.2.1":
  version: 9.4.0
  resolution: "supports-color@npm:9.4.0"
  checksum: 10c0/6c24e6b2b64c6a60e5248490cfa50de5924da32cf09ae357ad8ebbf305cc5d2717ba705a9d4cb397d80bbf39417e8fdc8d7a0ce18bd0041bf7b5b456229164e4
  languageName: node
  linkType: hard

"test-yarn@workspace:.":
  version: 0.0.0-use.local
  resolution: "test-yarn@workspace:."
  dependencies:
    chalk: "https://github.com/wapj/chalk"
  languageName: unknown
  linkType: soft
